
Microsoft Visual Studio Solution File, Format Version 12.00
# Visual Studio Version 17
VisualStudioVersion = 17.11.35431.28
MinimumVisualStudioVersion = 10.0.40219.1
Project("{FAE04EC0-301F-11D3-BF4B-00C04F79EFBC}") = "JWTdemo", "WebApplication1\JWTdemo.csproj", "{FA4D1447-1845-4911-8246-19933A88C1A2}"
EndProject
Global
	GlobalSection(SolutionConfigurationPlatforms) = preSolution
		Debug|Any CPU = Debug|Any CPU
		Release|Any CPU = Release|Any CPU
	EndGlobalSection
	GlobalSection(ProjectConfigurationPlatforms) = postSolution
		{FA4D1447-1845-4911-8246-19933A88C1A2}.Debug|Any CPU.ActiveCfg = Debug|Any CPU
		{FA4D1447-1845-4911-8246-19933A88C1A2}.Debug|Any CPU.Build.0 = Debug|Any CPU
		{FA4D1447-1845-4911-8246-19933A88C1A2}.Release|Any CPU.ActiveCfg = Release|Any CPU
		{FA4D1447-1845-4911-8246-19933A88C1A2}.Release|Any CPU.Build.0 = Release|Any CPU
	EndGlobalSection
	GlobalSection(SolutionProperties) = preSolution
		HideSolutionNode = FALSE
	EndGlobalSection
	GlobalSection(ExtensibilityGlobals) = postSolution
		SolutionGuid = {B8DAA598-2FD1-457A-AB55-315787AB72A1}
	EndGlobalSection
EndGlobal
